
Microsoft Visual Studio Solution File, Format Version 12.00
# Visual Studio 15
VisualStudioVersion = 15.0.28307.572
MinimumVisualStudioVersion = 10.0.40219.1
Project("{9A19103F-16F7-4668-BE54-9A1E7A4F7556}") = "PhotoSupermarket.Core", "PhotoSupermarket.Core\PhotoSupermarket.Core.csproj", "{61B7AF67-A8A3-4FE8-8789-A924D77D94C7}"
EndProject
Project("{9A19103F-16F7-4668-BE54-9A1E7A4F7556}") = "PhotoSupermarket.Console", "PhotoSupermarket.Console\PhotoSupermarket.Console.csproj", "{8DA12736-2B35-404E-A1C6-B7A63C4CD855}"
EndProject
Project("{FAE04EC0-301F-11D3-BF4B-00C04F79EFBC}") = "PhotoSupermarket.Core.UnitTest", "PhotoSupermarket.Core.UnitTest\PhotoSupermarket.Core.UnitTest.csproj", "{655D3D75-1108-4AC2-B159-0AB3B9814028}"
EndProject
Global
	GlobalSection(SolutionConfigurationPlatforms) = preSolution
		Debug|Any CPU = Debug|Any CPU
		Release|Any CPU = Release|Any CPU
	EndGlobalSection
	GlobalSection(ProjectConfigurationPlatforms) = postSolution
		{61B7AF67-A8A3-4FE8-8789-A924D77D94C7}.Debug|Any CPU.ActiveCfg = Debug|Any CPU
		{61B7AF67-A8A3-4FE8-8789-A924D77D94C7}.Debug|Any CPU.Build.0 = Debug|Any CPU
		{61B7AF67-A8A3-4FE8-8789-A924D77D94C7}.Release|Any CPU.ActiveCfg = Release|Any CPU
		{61B7AF67-A8A3-4FE8-8789-A924D77D94C7}.Release|Any CPU.Build.0 = Release|Any CPU
		{8DA12736-2B35-404E-A1C6-B7A63C4CD855}.Debug|Any CPU.ActiveCfg = Debug|Any CPU
		{8DA12736-2B35-404E-A1C6-B7A63C4CD855}.Debug|Any CPU.Build.0 = Debug|Any CPU
		{8DA12736-2B35-404E-A1C6-B7A63C4CD855}.Release|Any CPU.ActiveCfg = Release|Any CPU
		{8DA12736-2B35-404E-A1C6-B7A63C4CD855}.Release|Any CPU.Build.0 = Release|Any CPU
		{655D3D75-1108-4AC2-B159-0AB3B9814028}.Debug|Any CPU.ActiveCfg = Debug|Any CPU
		{655D3D75-1108-4AC2-B159-0AB3B9814028}.Debug|Any CPU.Build.0 = Debug|Any CPU
		{655D3D75-1108-4AC2-B159-0AB3B9814028}.Release|Any CPU.ActiveCfg = Release|Any CPU
		{655D3D75-1108-4AC2-B159-0AB3B9814028}.Release|Any CPU.Build.0 = Release|Any CPU
	EndGlobalSection
	GlobalSection(SolutionProperties) = preSolution
		HideSolutionNode = FALSE
	EndGlobalSection
	GlobalSection(ExtensibilityGlobals) = postSolution
		SolutionGuid = {ED1CB30A-DF67-4A8B-A103-BD5FCB1B42E0}
	EndGlobalSection
EndGlobal
